{
  "name": "tiny-wasm-runtime",
  "version": "0.9.71",
  "lockfileVersion": 3,
  "requires": true,
  "packages": {
    "": {
      "name": "tiny-wasm-runtime",
      "version": "0.9.71",
      "license": "MIT",
      "dependencies": {
        "whatkey": "^2.0.1"
      }
    },
    "node_modules/whatkey": {
      "version": "2.0.1",
      "resolved": "https://registry.npmjs.org/whatkey/-/whatkey-2.0.1.tgz",
      "integrity": "sha512-CUql/oBqk+tsM1WbnYjlC04lPYyawQ5d6q5+Rsm9FVlqEQUaiqu5T5QB17i2Rdoe34RzCYq0IM2LXphg3xPfwA=="
    }
  }
}
