{
     "name": "stdio-canvas",
     "lockfileVersion": 3,
     "requires": true,
     "packages": {
          "": {
               "dependencies": {
                    "tiny-wasm-runtime": "file:../.."
               }
          },
          "../..": {
               "version": "0.9.1",
               "license": "MIT",
               "dependencies": {
                    "whatkey": "^2.0.1"
               }
          },
          "node_modules/tiny-wasm-runtime": {
               "resolved": "../..",
               "link": true
          }
     }
}
